{
  "factory": "jebbdykstra99/subx-factory",
  "version": "v1.0.0",
  "room": "behindtheblackwall",
  "siteId": "behindtheblackwall",
  "files": {
    "factory.js": "7466eefc88f4103dcc159bcea5a788d35dc4b1402ffba14b270f3ede99b610d0",
    "styles.css": "5964b2a5343db0260b9296549686be9216786fb594db03eb89a7b3cbadcd0cf8"
  },
  "keepFiles": [],
  "exceptions": "see subx-factory EXCEPTIONS.md",
  "stampedAt": "2026-10-09T03:49:24Z"
}
